
Microsoft Visual Studio Solution File, Format Version 12.00
# Visual Studio Version 16
VisualStudioVersion = 16.0.29102.190
MinimumVisualStudioVersion = 10.0.40219.1
Project("{FAE04EC0-301F-11D3-BF4B-00C04F79EFBC}") = "IfStatement", "IfStatement\IfStatement.csproj", "{1B9F2CF4-63CA-4272-8538-2D32ABCC737B}"
EndProject
Global
	GlobalSection(SolutionConfigurationPlatforms) = preSolution
		Debug|Any CPU = Debug|Any CPU
		Release|Any CPU = Release|Any CPU
	EndGlobalSection
	GlobalSection(ProjectConfigurationPlatforms) = postSolution
		{1B9F2CF4-63CA-4272-8538-2D32ABCC737B}.Debug|Any CPU.ActiveCfg = Debug|Any CPU
		{1B9F2CF4-63CA-4272-8538-2D32ABCC737B}.Debug|Any CPU.Build.0 = Debug|Any CPU
		{1B9F2CF4-63CA-4272-8538-2D32ABCC737B}.Release|Any CPU.ActiveCfg = Release|Any CPU
		{1B9F2CF4-63CA-4272-8538-2D32ABCC737B}.Release|Any CPU.Build.0 = Release|Any CPU
	EndGlobalSection
	GlobalSection(SolutionProperties) = preSolution
		HideSolutionNode = FALSE
	EndGlobalSection
	GlobalSection(ExtensibilityGlobals) = postSolution
		SolutionGuid = {1643009C-24E6-4396-85E7-A45FEF2C004D}
	EndGlobalSection
EndGlobal
